{
  "name": "leetcode",
  "lockfileVersion": 2,
  "requires": true,
  "packages": {
    "": {
      "dependencies": {
        "ant-design-vue": "^3.3.0-beta.3"
      }
    },
    "node_modules/@ant-design/colors": {
      "version": "6.0.0",
      "resolved": "https://registry.npmmirror.com/@ant-design/colors/-/colors-6.0.0.tgz",
      "integrity": "sha512-qAZRvPzfdWHtfameEGP2Qvuf838NhergR35o+EuVyB5XvSA98xod5r4utvi4TJ3ywmevm290g9nsCG5MryrdWQ==",
      "dependencies": {
        "@ctrl/tinycolor": "^3.4.0"
      }
    },
    "node_modules/@ant-design/icons-svg": {
      "version": "4.2.1",
      "resolved": "https://registry.npmmirror.com/@ant-design/icons-svg/-/icons-svg-4.2.1.tgz",
      "integrity": "sha512-EB0iwlKDGpG93hW8f85CTJTs4SvMX7tt5ceupvhALp1IF44SeUFOMhKUOYqpsoYWQKAOuTRDMqn75rEaKDp0Xw=="
    },
    "node_modules/@ant-design/icons-vue": {
      "version": "6.1.0",
      "resolved": "https://registry.npmmirror.com/@ant-design/icons-vue/-/icons-vue-6.1.0.tgz",
      "integrity": "sha512-EX6bYm56V+ZrKN7+3MT/ubDkvJ5rK/O2t380WFRflDcVFgsvl3NLH7Wxeau6R8DbrO5jWR6DSTC3B6gYFp77AA==",
      "dependencies": {
        "@ant-design/colors": "^6.0.0",
        "@ant-design/icons-svg": "^4.2.1"
      },
      "peerDependencies": {
        "vue": ">=3.0.3"
      }
    },
    "node_modules/@babel/parser": {
      "version": "7.18.13",
      "resolved": "https://registry.npmmirror.com/@babel/parser/-/parser-7.18.13.tgz",
      "integrity": "sha512-dgXcIfMuQ0kgzLB2b9tRZs7TTFFaGM2AbtA4fJgUUYukzGH4jwsS7hzQHEGs67jdehpm22vkgKwvbU+aEflgwg==",
      "peer": true,
      "bin": {
        "parser": "bin/babel-parser.js"
      },
      "engines": {
        "node": ">=6.0.0"
      }
    },
    "node_modules/@babel/runtime": {
      "version": "7.18.9",
      "resolved": "https://registry.npmmirror.com/@babel/runtime/-/runtime-7.18.9.tgz",
      "integrity": "sha512-lkqXDcvlFT5rvEjiu6+QYO+1GXrEHRo2LOtS7E4GtX5ESIZOgepqsZBVIj6Pv+a6zqsya9VCgiK1KAK4BvJDAw==",
      "dependencies": {
        "regenerator-runtime": "^0.13.4"
      },
      "engines": {
        "node": ">=6.9.0"
      }
    },
    "node_modules/@ctrl/tinycolor": {
      "version": "3.4.1",
      "resolved": "https://registry.npmmirror.com/@ctrl/tinycolor/-/tinycolor-3.4.1.tgz",
      "integrity": "sha512-ej5oVy6lykXsvieQtqZxCOaLT+xD4+QNarq78cIYISHmZXshCvROLudpQN3lfL8G0NL7plMSSK+zlyvCaIJ4Iw==",
      "engines": {
        "node": ">=10"
      }
    },
    "node_modules/@simonwep/pickr": {
      "version": "1.8.2",
      "resolved": "https://registry.npmmirror.com/@simonwep/pickr/-/pickr-1.8.2.tgz",
      "integrity": "sha512-/l5w8BIkrpP6n1xsetx9MWPWlU6OblN5YgZZphxan0Tq4BByTCETL6lyIeY8lagalS2Nbt4F2W034KHLIiunKA==",
      "dependencies": {
        "core-js": "^3.15.1",
        "nanopop": "^2.1.0"
      }
    },
    "node_modules/@vue/compiler-core": {
      "version": "3.2.37",
      "resolved": "https://registry.npmmirror.com/@vue/compiler-core/-/compiler-core-3.2.37.tgz",
      "integrity": "sha512-81KhEjo7YAOh0vQJoSmAD68wLfYqJvoiD4ulyedzF+OEk/bk6/hx3fTNVfuzugIIaTrOx4PGx6pAiBRe5e9Zmg==",
      "peer": true,
      "dependencies": {
        "@babel/parser": "^7.16.4",
        "@vue/shared": "3.2.37",
        "estree-walker": "^2.0.2",
        "source-map": "^0.6.1"
      }
    },
    "node_modules/@vue/compiler-dom": {
      "version": "3.2.37",
      "resolved": "https://registry.npmmirror.com/@vue/compiler-dom/-/compiler-dom-3.2.37.tgz",
      "integrity": "sha512-yxJLH167fucHKxaqXpYk7x8z7mMEnXOw3G2q62FTkmsvNxu4FQSu5+3UMb+L7fjKa26DEzhrmCxAgFLLIzVfqQ==",
      "peer": true,
      "dependencies": {
        "@vue/compiler-core": "3.2.37",
        "@vue/shared": "3.2.37"
      }
    },
    "node_modules/@vue/compiler-sfc": {
      "version": "3.2.37",
      "resolved": "https://registry.npmmirror.com/@vue/compiler-sfc/-/compiler-sfc-3.2.37.tgz",
      "integrity": "sha512-+7i/2+9LYlpqDv+KTtWhOZH+pa8/HnX/905MdVmAcI/mPQOBwkHHIzrsEsucyOIZQYMkXUiTkmZq5am/NyXKkg==",
      "peer": true,
      "dependencies": {
        "@babel/parser": "^7.16.4",
        "@vue/compiler-core": "3.2.37",
        "@vue/compiler-dom": "3.2.37",
        "@vue/compiler-ssr": "3.2.37",
        "@vue/reactivity-transform": "3.2.37",
        "@vue/shared": "3.2.37",
        "estree-walker": "^2.0.2",
        "magic-string": "^0.25.7",
        "postcss": "^8.1.10",
        "source-map": "^0.6.1"
      }
    },
    "node_modules/@vue/compiler-ssr": {
      "version": "3.2.37",
      "resolved": "https://registry.npmmirror.com/@vue/compiler-ssr/-/compiler-ssr-3.2.37.tgz",
      "integrity": "sha512-7mQJD7HdXxQjktmsWp/J67lThEIcxLemz1Vb5I6rYJHR5vI+lON3nPGOH3ubmbvYGt8xEUaAr1j7/tIFWiEOqw==",
      "peer": true,
      "dependencies": {
        "@vue/compiler-dom": "3.2.37",
        "@vue/shared": "3.2.37"
      }
    },
    "node_modules/@vue/reactivity": {
      "version": "3.2.37",
      "resolved": "https://registry.npmmirror.com/@vue/reactivity/-/reactivity-3.2.37.tgz",
      "integrity": "sha512-/7WRafBOshOc6m3F7plwzPeCu/RCVv9uMpOwa/5PiY1Zz+WLVRWiy0MYKwmg19KBdGtFWsmZ4cD+LOdVPcs52A==",
      "peer": true,
      "dependencies": {
        "@vue/shared": "3.2.37"
      }
    },
    "node_modules/@vue/reactivity-transform": {
      "version": "3.2.37",
      "resolved": "https://registry.npmmirror.com/@vue/reactivity-transform/-/reactivity-transform-3.2.37.tgz",
      "integrity": "sha512-IWopkKEb+8qpu/1eMKVeXrK0NLw9HicGviJzhJDEyfxTR9e1WtpnnbYkJWurX6WwoFP0sz10xQg8yL8lgskAZg==",
      "peer": true,
      "dependencies": {
        "@babel/parser": "^7.16.4",
        "@vue/compiler-core": "3.2.37",
        "@vue/shared": "3.2.37",
        "estree-walker": "^2.0.2",
        "magic-string": "^0.25.7"
      }
    },
    "node_modules/@vue/runtime-core": {
      "version": "3.2.37",
      "resolved": "https://registry.npmmirror.com/@vue/runtime-core/-/runtime-core-3.2.37.tgz",
      "integrity": "sha512-JPcd9kFyEdXLl/i0ClS7lwgcs0QpUAWj+SKX2ZC3ANKi1U4DOtiEr6cRqFXsPwY5u1L9fAjkinIdB8Rz3FoYNQ==",
      "peer": true,
      "dependencies": {
        "@vue/reactivity": "3.2.37",
        "@vue/shared": "3.2.37"
      }
    },
    "node_modules/@vue/runtime-dom": {
      "version": "3.2.37",
      "resolved": "https://registry.npmmirror.com/@vue/runtime-dom/-/runtime-dom-3.2.37.tgz",
      "integrity": "sha512-HimKdh9BepShW6YozwRKAYjYQWg9mQn63RGEiSswMbW+ssIht1MILYlVGkAGGQbkhSh31PCdoUcfiu4apXJoPw==",
      "peer": true,
      "dependencies": {
        "@vue/runtime-core": "3.2.37",
        "@vue/shared": "3.2.37",
        "csstype": "^2.6.8"
      }
    },
    "node_modules/@vue/server-renderer": {
      "version": "3.2.37",
      "resolved": "https://registry.npmmirror.com/@vue/server-renderer/-/server-renderer-3.2.37.tgz",
      "integrity": "sha512-kLITEJvaYgZQ2h47hIzPh2K3jG8c1zCVbp/o/bzQOyvzaKiCquKS7AaioPI28GNxIsE/zSx+EwWYsNxDCX95MA==",
      "peer": true,
      "dependencies": {
        "@vue/compiler-ssr": "3.2.37",
        "@vue/shared": "3.2.37"
      },
      "peerDependencies": {
        "vue": "3.2.37"
      }
    },
    "node_modules/@vue/shared": {
      "version": "3.2.37",
      "resolved": "https://registry.npmmirror.com/@vue/shared/-/shared-3.2.37.tgz",
      "integrity": "sha512-4rSJemR2NQIo9Klm1vabqWjD8rs/ZaJSzMxkMNeJS6lHiUjjUeYFbooN19NgFjztubEKh3WlZUeOLVdbbUWHsw==",
      "peer": true
    },
    "node_modules/ant-design-vue": {
      "version": "3.3.0-beta.3",
      "resolved": "https://registry.npmmirror.com/ant-design-vue/-/ant-design-vue-3.3.0-beta.3.tgz",
      "integrity": "sha512-xA7clMwKRw2S6E8etiq7FRN8qktRW6xr9HBuEuUDQwsbxLIy1kVKfiTbdbh+CklmasKGd9qvEJbzc65U/HJeOw==",
      "dependencies": {
        "@ant-design/colors": "^6.0.0",
        "@ant-design/icons-vue": "^6.1.0",
        "@babel/runtime": "^7.10.5",
        "@ctrl/tinycolor": "^3.4.0",
        "@simonwep/pickr": "~1.8.0",
        "array-tree-filter": "^2.1.0",
        "async-validator": "^4.0.0",
        "dayjs": "^1.10.5",
        "dom-align": "^1.12.1",
        "dom-scroll-into-view": "^2.0.0",
        "lodash": "^4.17.21",
        "lodash-es": "^4.17.15",
        "resize-observer-polyfill": "^1.5.1",
        "scroll-into-view-if-needed": "^2.2.25",
        "shallow-equal": "^1.0.0",
        "vue-types": "^3.0.0",
        "warning": "^4.0.0"
      },
      "engines": {
        "node": ">=12.22.0"
      },
      "peerDependencies": {
        "vue": ">=3.2.0"
      }
    },
    "node_modules/array-tree-filter": {
      "version": "2.1.0",
      "resolved": "https://registry.npmmirror.com/array-tree-filter/-/array-tree-filter-2.1.0.tgz",
      "integrity": "sha512-4ROwICNlNw/Hqa9v+rk5h22KjmzB1JGTMVKP2AKJBOCgb0yL0ASf0+YvCcLNNwquOHNX48jkeZIJ3a+oOQqKcw=="
    },
    "node_modules/async-validator": {
      "version": "4.2.5",
      "resolved": "https://registry.npmmirror.com/async-validator/-/async-validator-4.2.5.tgz",
      "integrity": "sha512-7HhHjtERjqlNbZtqNqy2rckN/SpOOlmDliet+lP7k+eKZEjPk3DgyeU9lIXLdeLz0uBbbVp+9Qdow9wJWgwwfg=="
    },
    "node_modules/compute-scroll-into-view": {
      "version": "1.0.17",
      "resolved": "https://registry.npmmirror.com/compute-scroll-into-view/-/compute-scroll-into-view-1.0.17.tgz",
      "integrity": "sha512-j4dx+Fb0URmzbwwMUrhqWM2BEWHdFGx+qZ9qqASHRPqvTYdqvWnHg0H1hIbcyLnvgnoNAVMlwkepyqM3DaIFUg=="
    },
    "node_modules/core-js": {
      "version": "3.25.0",
      "resolved": "https://registry.npmmirror.com/core-js/-/core-js-3.25.0.tgz",
      "integrity": "sha512-CVU1xvJEfJGhyCpBrzzzU1kjCfgsGUxhEvwUV2e/cOedYWHdmluamx+knDnmhqALddMG16fZvIqvs9aijsHHaA==",
      "hasInstallScript": true
    },
    "node_modules/csstype": {
      "version": "2.6.20",
      "resolved": "https://registry.npmmirror.com/csstype/-/csstype-2.6.20.tgz",
      "integrity": "sha512-/WwNkdXfckNgw6S5R125rrW8ez139lBHWouiBvX8dfMFtcn6V81REDqnH7+CRpRipfYlyU1CmOnOxrmGcFOjeA==",
      "peer": true
    },
    "node_modules/dayjs": {
      "version": "1.11.5",
      "resolved": "https://registry.npmmirror.com/dayjs/-/dayjs-1.11.5.tgz",
      "integrity": "sha512-CAdX5Q3YW3Gclyo5Vpqkgpj8fSdLQcRuzfX6mC6Phy0nfJ0eGYOeS7m4mt2plDWLAtA4TqTakvbboHvUxfe4iA=="
    },
    "node_modules/dom-align": {
      "version": "1.12.3",
      "resolved": "https://registry.npmmirror.com/dom-align/-/dom-align-1.12.3.tgz",
      "integrity": "sha512-Gj9hZN3a07cbR6zviMUBOMPdWxYhbMI+x+WS0NAIu2zFZmbK8ys9R79g+iG9qLnlCwpFoaB+fKy8Pdv470GsPA=="
    },
    "node_modules/dom-scroll-into-view": {
      "version": "2.0.1",
      "resolved": "https://registry.npmmirror.com/dom-scroll-into-view/-/dom-scroll-into-view-2.0.1.tgz",
      "integrity": "sha512-bvVTQe1lfaUr1oFzZX80ce9KLDlZ3iU+XGNE/bz9HnGdklTieqsbmsLHe+rT2XWqopvL0PckkYqN7ksmm5pe3w=="
    },
    "node_modules/estree-walker": {
      "version": "2.0.2",
      "resolved": "https://registry.npmmirror.com/estree-walker/-/estree-walker-2.0.2.tgz",
      "integrity": "sha512-Rfkk/Mp/DL7JVje3u18FxFujQlTNR2q6QfMSMB7AvCBx91NGj/ba3kCfza0f6dVDbw7YlRf/nDrn7pQrCCyQ/w==",
      "peer": true
    },
    "node_modules/is-plain-object": {
      "version": "3.0.1",
      "resolved": "https://registry.npmmirror.com/is-plain-object/-/is-plain-object-3.0.1.tgz",
      "integrity": "sha512-Xnpx182SBMrr/aBik8y+GuR4U1L9FqMSojwDQwPMmxyC6bvEqly9UBCxhauBF5vNh2gwWJNX6oDV7O+OM4z34g==",
      "engines": {
        "node": ">=0.10.0"
      }
    },
    "node_modules/js-tokens": {
      "version": "4.0.0",
      "resolved": "https://registry.npmmirror.com/js-tokens/-/js-tokens-4.0.0.tgz",
      "integrity": "sha512-RdJUflcE3cUzKiMqQgsCu06FPu9UdIJO0beYbPhHN4k6apgJtifcoCtT9bcxOpYBtpD2kCM6Sbzg4CausW/PKQ=="
    },
    "node_modules/lodash": {
      "version": "4.17.21",
      "resolved": "https://registry.npmmirror.com/lodash/-/lodash-4.17.21.tgz",
      "integrity": "sha512-v2kDEe57lecTulaDIuNTPy3Ry4gLGJ6Z1O3vE1krgXZNrsQ+LFTGHVxVjcXPs17LhbZVGedAJv8XZ1tvj5FvSg=="
    },
    "node_modules/lodash-es": {
      "version": "4.17.21",
      "resolved": "https://registry.npmmirror.com/lodash-es/-/lodash-es-4.17.21.tgz",
      "integrity": "sha512-mKnC+QJ9pWVzv+C4/U3rRsHapFfHvQFoFB92e52xeyGMcX6/OlIl78je1u8vePzYZSkkogMPJ2yjxxsb89cxyw=="
    },
    "node_modules/loose-envify": {
      "version": "1.4.0",
      "resolved": "https://registry.npmmirror.com/loose-envify/-/loose-envify-1.4.0.tgz",
      "integrity": "sha512-lyuxPGr/Wfhrlem2CL/UcnUc1zcqKAImBDzukY7Y5F/yQiNdko6+fRLevlw1HgMySw7f611UIY408EtxRSoK3Q==",
      "dependencies": {
        "js-tokens": "^3.0.0 || ^4.0.0"
      },
      "bin": {
        "loose-envify": "cli.js"
      }
    },
    "node_modules/magic-string": {
      "version": "0.25.9",
      "resolved": "https://registry.npmmirror.com/magic-string/-/magic-string-0.25.9.tgz",
      "integrity": "sha512-RmF0AsMzgt25qzqqLc1+MbHmhdx0ojF2Fvs4XnOqz2ZOBXzzkEwc/dJQZCYHAn7v1jbVOjAZfK8msRn4BxO4VQ==",
      "peer": true,
      "dependencies": {
        "sourcemap-codec": "^1.4.8"
      }
    },
    "node_modules/nanoid": {
      "version": "3.3.4",
      "resolved": "https://registry.npmmirror.com/nanoid/-/nanoid-3.3.4.tgz",
      "integrity": "sha512-MqBkQh/OHTS2egovRtLk45wEyNXwF+cokD+1YPf9u5VfJiRdAiRwB2froX5Co9Rh20xs4siNPm8naNotSD6RBw==",
      "peer": true,
      "bin": {
        "nanoid": "bin/nanoid.cjs"
      },
      "engines": {
        "node": "^10 || ^12 || ^13.7 || ^14 || >=15.0.1"
      }
    },
    "node_modules/nanopop": {
      "version": "2.1.0",
      "resolved": "https://registry.npmmirror.com/nanopop/-/nanopop-2.1.0.tgz",
      "integrity": "sha512-jGTwpFRexSH+fxappnGQtN9dspgE2ipa1aOjtR24igG0pv6JCxImIAmrLRHX+zUF5+1wtsFVbKyfP51kIGAVNw=="
    },
    "node_modules/picocolors": {
      "version": "1.0.0",
      "resolved": "https://registry.npmmirror.com/picocolors/-/picocolors-1.0.0.tgz",
      "integrity": "sha512-1fygroTLlHu66zi26VoTDv8yRgm0Fccecssto+MhsZ0D/DGW2sm8E8AjW7NU5VVTRt5GxbeZ5qBuJr+HyLYkjQ==",
      "peer": true
    },
    "node_modules/postcss": {
      "version": "8.4.16",
      "resolved": "https://registry.npmmirror.com/postcss/-/postcss-8.4.16.tgz",
      "integrity": "sha512-ipHE1XBvKzm5xI7hiHCZJCSugxvsdq2mPnsq5+UF+VHCjiBvtDrlxJfMBToWaP9D5XlgNmcFGqoHmUn0EYEaRQ==",
      "peer": true,
      "dependencies": {
        "nanoid": "^3.3.4",
        "picocolors": "^1.0.0",
        "source-map-js": "^1.0.2"
      },
      "engines": {
        "node": "^10 || ^12 || >=14"
      }
    },
    "node_modules/regenerator-runtime": {
      "version": "0.13.9",
      "resolved": "https://registry.npmmirror.com/regenerator-runtime/-/regenerator-runtime-0.13.9.tgz",
      "integrity": "sha512-p3VT+cOEgxFsRRA9X4lkI1E+k2/CtnKtU4gcxyaCUreilL/vqI6CdZ3wxVUx3UOUg+gnUOQQcRI7BmSI656MYA=="
    },
    "node_modules/resize-observer-polyfill": {
      "version": "1.5.1",
      "resolved": "https://registry.npmmirror.com/resize-observer-polyfill/-/resize-observer-polyfill-1.5.1.tgz",
      "integrity": "sha512-LwZrotdHOo12nQuZlHEmtuXdqGoOD0OhaxopaNFxWzInpEgaLWoVuAMbTzixuosCx2nEG58ngzW3vxdWoxIgdg=="
    },
    "node_modules/scroll-into-view-if-needed": {
      "version": "2.2.29",
      "resolved": "https://registry.npmmirror.com/scroll-into-view-if-needed/-/scroll-into-view-if-needed-2.2.29.tgz",
      "integrity": "sha512-hxpAR6AN+Gh53AdAimHM6C8oTN1ppwVZITihix+WqalywBeFcQ6LdQP5ABNl26nX8GTEL7VT+b8lKpdqq65wXg==",
      "dependencies": {
        "compute-scroll-into-view": "^1.0.17"
      }
    },
    "node_modules/shallow-equal": {
      "version": "1.2.1",
      "resolved": "https://registry.npmmirror.com/shallow-equal/-/shallow-equal-1.2.1.tgz",
      "integrity": "sha512-S4vJDjHHMBaiZuT9NPb616CSmLf618jawtv3sufLl6ivK8WocjAo58cXwbRV1cgqxH0Qbv+iUt6m05eqEa2IRA=="
    },
    "node_modules/source-map": {
      "version": "0.6.1",
      "resolved": "https://registry.npmmirror.com/source-map/-/source-map-0.6.1.tgz",
      "integrity": "sha512-UjgapumWlbMhkBgzT7Ykc5YXUT46F0iKu8SGXq0bcwP5dz/h0Plj6enJqjz1Zbq2l5WaqYnrVbwWOWMyF3F47g==",
      "peer": true,
      "engines": {
        "node": ">=0.10.0"
      }
    },
    "node_modules/source-map-js": {
      "version": "1.0.2",
      "resolved": "https://registry.npmmirror.com/source-map-js/-/source-map-js-1.0.2.tgz",
      "integrity": "sha512-R0XvVJ9WusLiqTCEiGCmICCMplcCkIwwR11mOSD9CR5u+IXYdiseeEuXCVAjS54zqwkLcPNnmU4OeJ6tUrWhDw==",
      "peer": true,
      "engines": {
        "node": ">=0.10.0"
      }
    },
    "node_modules/sourcemap-codec": {
      "version": "1.4.8",
      "resolved": "https://registry.npmmirror.com/sourcemap-codec/-/sourcemap-codec-1.4.8.tgz",
      "integrity": "sha512-9NykojV5Uih4lgo5So5dtw+f0JgJX30KCNI8gwhz2J9A15wD0Ml6tjHKwf6fTSa6fAdVBdZeNOs9eJ71qCk8vA==",
      "peer": true
    },
    "node_modules/vue": {
      "version": "3.2.37",
      "resolved": "https://registry.npmmirror.com/vue/-/vue-3.2.37.tgz",
      "integrity": "sha512-bOKEZxrm8Eh+fveCqS1/NkG/n6aMidsI6hahas7pa0w/l7jkbssJVsRhVDs07IdDq7h9KHswZOgItnwJAgtVtQ==",
      "peer": true,
      "dependencies": {
        "@vue/compiler-dom": "3.2.37",
        "@vue/compiler-sfc": "3.2.37",
        "@vue/runtime-dom": "3.2.37",
        "@vue/server-renderer": "3.2.37",
        "@vue/shared": "3.2.37"
      }
    },
    "node_modules/vue-types": {
      "version": "3.0.2",
      "resolved": "https://registry.npmmirror.com/vue-types/-/vue-types-3.0.2.tgz",
      "integrity": "sha512-IwUC0Aq2zwaXqy74h4WCvFCUtoV0iSWr0snWnE9TnU18S66GAQyqQbRf2qfJtUuiFsBf6qp0MEwdonlwznlcrw==",
      "dependencies": {
        "is-plain-object": "3.0.1"
      },
      "engines": {
        "node": ">=10.15.0"
      },
      "peerDependencies": {
        "vue": "^3.0.0"
      }
    },
    "node_modules/warning": {
      "version": "4.0.3",
      "resolved": "https://registry.npmmirror.com/warning/-/warning-4.0.3.tgz",
      "integrity": "sha512-rpJyN222KWIvHJ/F53XSZv0Zl/accqHR8et1kpaMTD/fLCRxtV8iX8czMzY7sVZupTI3zcUTg8eycS2kNF9l6w==",
      "dependencies": {
        "loose-envify": "^1.0.0"
      }
    }
  },
  "dependencies": {
    "@ant-design/colors": {
      "version": "6.0.0",
      "resolved": "https://registry.npmmirror.com/@ant-design/colors/-/colors-6.0.0.tgz",
      "integrity": "sha512-qAZRvPzfdWHtfameEGP2Qvuf838NhergR35o+EuVyB5XvSA98xod5r4utvi4TJ3ywmevm290g9nsCG5MryrdWQ==",
      "requires": {
        "@ctrl/tinycolor": "^3.4.0"
      }
    },
    "@ant-design/icons-svg": {
      "version": "4.2.1",
      "resolved": "https://registry.npmmirror.com/@ant-design/icons-svg/-/icons-svg-4.2.1.tgz",
      "integrity": "sha512-EB0iwlKDGpG93hW8f85CTJTs4SvMX7tt5ceupvhALp1IF44SeUFOMhKUOYqpsoYWQKAOuTRDMqn75rEaKDp0Xw=="
    },
    "@ant-design/icons-vue": {
      "version": "6.1.0",
      "resolved": "https://registry.npmmirror.com/@ant-design/icons-vue/-/icons-vue-6.1.0.tgz",
      "integrity": "sha512-EX6bYm56V+ZrKN7+3MT/ubDkvJ5rK/O2t380WFRflDcVFgsvl3NLH7Wxeau6R8DbrO5jWR6DSTC3B6gYFp77AA==",
      "requires": {
        "@ant-design/colors": "^6.0.0",
        "@ant-design/icons-svg": "^4.2.1"
      }
    },
    "@babel/parser": {
      "version": "7.18.13",
      "resolved": "https://registry.npmmirror.com/@babel/parser/-/parser-7.18.13.tgz",
      "integrity": "sha512-dgXcIfMuQ0kgzLB2b9tRZs7TTFFaGM2AbtA4fJgUUYukzGH4jwsS7hzQHEGs67jdehpm22vkgKwvbU+aEflgwg==",
      "peer": true
    },
    "@babel/runtime": {
      "version": "7.18.9",
      "resolved": "https://registry.npmmirror.com/@babel/runtime/-/runtime-7.18.9.tgz",
      "integrity": "sha512-lkqXDcvlFT5rvEjiu6+QYO+1GXrEHRo2LOtS7E4GtX5ESIZOgepqsZBVIj6Pv+a6zqsya9VCgiK1KAK4BvJDAw==",
      "requires": {
        "regenerator-runtime": "^0.13.4"
      }
    },
    "@ctrl/tinycolor": {
      "version": "3.4.1",
      "resolved": "https://registry.npmmirror.com/@ctrl/tinycolor/-/tinycolor-3.4.1.tgz",
      "integrity": "sha512-ej5oVy6lykXsvieQtqZxCOaLT+xD4+QNarq78cIYISHmZXshCvROLudpQN3lfL8G0NL7plMSSK+zlyvCaIJ4Iw=="
    },
    "@simonwep/pickr": {
      "version": "1.8.2",
      "resolved": "https://registry.npmmirror.com/@simonwep/pickr/-/pickr-1.8.2.tgz",
      "integrity": "sha512-/l5w8BIkrpP6n1xsetx9MWPWlU6OblN5YgZZphxan0Tq4BByTCETL6lyIeY8lagalS2Nbt4F2W034KHLIiunKA==",
      "requires": {
        "core-js": "^3.15.1",
        "nanopop": "^2.1.0"
      }
    },
    "@vue/compiler-core": {
      "version": "3.2.37",
      "resolved": "https://registry.npmmirror.com/@vue/compiler-core/-/compiler-core-3.2.37.tgz",
      "integrity": "sha512-81KhEjo7YAOh0vQJoSmAD68wLfYqJvoiD4ulyedzF+OEk/bk6/hx3fTNVfuzugIIaTrOx4PGx6pAiBRe5e9Zmg==",
      "peer": true,
      "requires": {
        "@babel/parser": "^7.16.4",
        "@vue/shared": "3.2.37",
        "estree-walker": "^2.0.2",
        "source-map": "^0.6.1"
      }
    },
    "@vue/compiler-dom": {
      "version": "3.2.37",
      "resolved": "https://registry.npmmirror.com/@vue/compiler-dom/-/compiler-dom-3.2.37.tgz",
      "integrity": "sha512-yxJLH167fucHKxaqXpYk7x8z7mMEnXOw3G2q62FTkmsvNxu4FQSu5+3UMb+L7fjKa26DEzhrmCxAgFLLIzVfqQ==",
      "peer": true,
      "requires": {
        "@vue/compiler-core": "3.2.37",
        "@vue/shared": "3.2.37"
      }
    },
    "@vue/compiler-sfc": {
      "version": "3.2.37",
      "resolved": "https://registry.npmmirror.com/@vue/compiler-sfc/-/compiler-sfc-3.2.37.tgz",
      "integrity": "sha512-+7i/2+9LYlpqDv+KTtWhOZH+pa8/HnX/905MdVmAcI/mPQOBwkHHIzrsEsucyOIZQYMkXUiTkmZq5am/NyXKkg==",
      "peer": true,
      "requires": {
        "@babel/parser": "^7.16.4",
        "@vue/compiler-core": "3.2.37",
        "@vue/compiler-dom": "3.2.37",
        "@vue/compiler-ssr": "3.2.37",
        "@vue/reactivity-transform": "3.2.37",
        "@vue/shared": "3.2.37",
        "estree-walker": "^2.0.2",
        "magic-string": "^0.25.7",
        "postcss": "^8.1.10",
        "source-map": "^0.6.1"
      }
    },
    "@vue/compiler-ssr": {
      "version": "3.2.37",
      "resolved": "https://registry.npmmirror.com/@vue/compiler-ssr/-/compiler-ssr-3.2.37.tgz",
      "integrity": "sha512-7mQJD7HdXxQjktmsWp/J67lThEIcxLemz1Vb5I6rYJHR5vI+lON3nPGOH3ubmbvYGt8xEUaAr1j7/tIFWiEOqw==",
      "peer": true,
      "requires": {
        "@vue/compiler-dom": "3.2.37",
        "@vue/shared": "3.2.37"
      }
    },
    "@vue/reactivity": {
      "version": "3.2.37",
      "resolved": "https://registry.npmmirror.com/@vue/reactivity/-/reactivity-3.2.37.tgz",
      "integrity": "sha512-/7WRafBOshOc6m3F7plwzPeCu/RCVv9uMpOwa/5PiY1Zz+WLVRWiy0MYKwmg19KBdGtFWsmZ4cD+LOdVPcs52A==",
      "peer": true,
      "requires": {
        "@vue/shared": "3.2.37"
      }
    },
    "@vue/reactivity-transform": {
      "version": "3.2.37",
      "resolved": "https://registry.npmmirror.com/@vue/reactivity-transform/-/reactivity-transform-3.2.37.tgz",
      "integrity": "sha512-IWopkKEb+8qpu/1eMKVeXrK0NLw9HicGviJzhJDEyfxTR9e1WtpnnbYkJWurX6WwoFP0sz10xQg8yL8lgskAZg==",
      "peer": true,
      "requires": {
        "@babel/parser": "^7.16.4",
        "@vue/compiler-core": "3.2.37",
        "@vue/shared": "3.2.37",
        "estree-walker": "^2.0.2",
        "magic-string": "^0.25.7"
      }
    },
    "@vue/runtime-core": {
      "version": "3.2.37",
      "resolved": "https://registry.npmmirror.com/@vue/runtime-core/-/runtime-core-3.2.37.tgz",
      "integrity": "sha512-JPcd9kFyEdXLl/i0ClS7lwgcs0QpUAWj+SKX2ZC3ANKi1U4DOtiEr6cRqFXsPwY5u1L9fAjkinIdB8Rz3FoYNQ==",
      "peer": true,
      "requires": {
        "@vue/reactivity": "3.2.37",
        "@vue/shared": "3.2.37"
      }
    },
    "@vue/runtime-dom": {
      "version": "3.2.37",
      "resolved": "https://registry.npmmirror.com/@vue/runtime-dom/-/runtime-dom-3.2.37.tgz",
      "integrity": "sha512-HimKdh9BepShW6YozwRKAYjYQWg9mQn63RGEiSswMbW+ssIht1MILYlVGkAGGQbkhSh31PCdoUcfiu4apXJoPw==",
      "peer": true,
      "requires": {
        "@vue/runtime-core": "3.2.37",
        "@vue/shared": "3.2.37",
        "csstype": "^2.6.8"
      }
    },
    "@vue/server-renderer": {
      "version": "3.2.37",
      "resolved": "https://registry.npmmirror.com/@vue/server-renderer/-/server-renderer-3.2.37.tgz",
      "integrity": "sha512-kLITEJvaYgZQ2h47hIzPh2K3jG8c1zCVbp/o/bzQOyvzaKiCquKS7AaioPI28GNxIsE/zSx+EwWYsNxDCX95MA==",
      "peer": true,
      "requires": {
        "@vue/compiler-ssr": "3.2.37",
        "@vue/shared": "3.2.37"
      }
    },
    "@vue/shared": {
      "version": "3.2.37",
      "resolved": "https://registry.npmmirror.com/@vue/shared/-/shared-3.2.37.tgz",
      "integrity": "sha512-4rSJemR2NQIo9Klm1vabqWjD8rs/ZaJSzMxkMNeJS6lHiUjjUeYFbooN19NgFjztubEKh3WlZUeOLVdbbUWHsw==",
      "peer": true
    },
    "ant-design-vue": {
      "version": "3.3.0-beta.3",
      "resolved": "https://registry.npmmirror.com/ant-design-vue/-/ant-design-vue-3.3.0-beta.3.tgz",
      "integrity": "sha512-xA7clMwKRw2S6E8etiq7FRN8qktRW6xr9HBuEuUDQwsbxLIy1kVKfiTbdbh+CklmasKGd9qvEJbzc65U/HJeOw==",
      "requires": {
        "@ant-design/colors": "^6.0.0",
        "@ant-design/icons-vue": "^6.1.0",
        "@babel/runtime": "^7.10.5",
        "@ctrl/tinycolor": "^3.4.0",
        "@simonwep/pickr": "~1.8.0",
        "array-tree-filter": "^2.1.0",
        "async-validator": "^4.0.0",
        "dayjs": "^1.10.5",
        "dom-align": "^1.12.1",
        "dom-scroll-into-view": "^2.0.0",
        "lodash": "^4.17.21",
        "lodash-es": "^4.17.15",
        "resize-observer-polyfill": "^1.5.1",
        "scroll-into-view-if-needed": "^2.2.25",
        "shallow-equal": "^1.0.0",
        "vue-types": "^3.0.0",
        "warning": "^4.0.0"
      }
    },
    "array-tree-filter": {
      "version": "2.1.0",
      "resolved": "https://registry.npmmirror.com/array-tree-filter/-/array-tree-filter-2.1.0.tgz",
      "integrity": "sha512-4ROwICNlNw/Hqa9v+rk5h22KjmzB1JGTMVKP2AKJBOCgb0yL0ASf0+YvCcLNNwquOHNX48jkeZIJ3a+oOQqKcw=="
    },
    "async-validator": {
      "version": "4.2.5",
      "resolved": "https://registry.npmmirror.com/async-validator/-/async-validator-4.2.5.tgz",
      "integrity": "sha512-7HhHjtERjqlNbZtqNqy2rckN/SpOOlmDliet+lP7k+eKZEjPk3DgyeU9lIXLdeLz0uBbbVp+9Qdow9wJWgwwfg=="
    },
    "compute-scroll-into-view": {
      "version": "1.0.17",
      "resolved": "https://registry.npmmirror.com/compute-scroll-into-view/-/compute-scroll-into-view-1.0.17.tgz",
      "integrity": "sha512-j4dx+Fb0URmzbwwMUrhqWM2BEWHdFGx+qZ9qqASHRPqvTYdqvWnHg0H1hIbcyLnvgnoNAVMlwkepyqM3DaIFUg=="
    },
    "core-js": {
      "version": "3.25.0",
      "resolved": "https://registry.npmmirror.com/core-js/-/core-js-3.25.0.tgz",
      "integrity": "sha512-CVU1xvJEfJGhyCpBrzzzU1kjCfgsGUxhEvwUV2e/cOedYWHdmluamx+knDnmhqALddMG16fZvIqvs9aijsHHaA=="
    },
    "csstype": {
      "version": "2.6.20",
      "resolved": "https://registry.npmmirror.com/csstype/-/csstype-2.6.20.tgz",
      "integrity": "sha512-/WwNkdXfckNgw6S5R125rrW8ez139lBHWouiBvX8dfMFtcn6V81REDqnH7+CRpRipfYlyU1CmOnOxrmGcFOjeA==",
      "peer": true
    },
    "dayjs": {
      "version": "1.11.5",
      "resolved": "https://registry.npmmirror.com/dayjs/-/dayjs-1.11.5.tgz",
      "integrity": "sha512-CAdX5Q3YW3Gclyo5Vpqkgpj8fSdLQcRuzfX6mC6Phy0nfJ0eGYOeS7m4mt2plDWLAtA4TqTakvbboHvUxfe4iA=="
    },
    "dom-align": {
      "version": "1.12.3",
      "resolved": "https://registry.npmmirror.com/dom-align/-/dom-align-1.12.3.tgz",
      "integrity": "sha512-Gj9hZN3a07cbR6zviMUBOMPdWxYhbMI+x+WS0NAIu2zFZmbK8ys9R79g+iG9qLnlCwpFoaB+fKy8Pdv470GsPA=="
    },
    "dom-scroll-into-view": {
      "version": "2.0.1",
      "resolved": "https://registry.npmmirror.com/dom-scroll-into-view/-/dom-scroll-into-view-2.0.1.tgz",
      "integrity": "sha512-bvVTQe1lfaUr1oFzZX80ce9KLDlZ3iU+XGNE/bz9HnGdklTieqsbmsLHe+rT2XWqopvL0PckkYqN7ksmm5pe3w=="
    },
    "estree-walker": {
      "version": "2.0.2",
      "resolved": "https://registry.npmmirror.com/estree-walker/-/estree-walker-2.0.2.tgz",
      "integrity": "sha512-Rfkk/Mp/DL7JVje3u18FxFujQlTNR2q6QfMSMB7AvCBx91NGj/ba3kCfza0f6dVDbw7YlRf/nDrn7pQrCCyQ/w==",
      "peer": true
    },
    "is-plain-object": {
      "version": "3.0.1",
      "resolved": "https://registry.npmmirror.com/is-plain-object/-/is-plain-object-3.0.1.tgz",
      "integrity": "sha512-Xnpx182SBMrr/aBik8y+GuR4U1L9FqMSojwDQwPMmxyC6bvEqly9UBCxhauBF5vNh2gwWJNX6oDV7O+OM4z34g=="
    },
    "js-tokens": {
      "version": "4.0.0",
      "resolved": "https://registry.npmmirror.com/js-tokens/-/js-tokens-4.0.0.tgz",
      "integrity": "sha512-RdJUflcE3cUzKiMqQgsCu06FPu9UdIJO0beYbPhHN4k6apgJtifcoCtT9bcxOpYBtpD2kCM6Sbzg4CausW/PKQ=="
    },
    "lodash": {
      "version": "4.17.21",
      "resolved": "https://registry.npmmirror.com/lodash/-/lodash-4.17.21.tgz",
      "integrity": "sha512-v2kDEe57lecTulaDIuNTPy3Ry4gLGJ6Z1O3vE1krgXZNrsQ+LFTGHVxVjcXPs17LhbZVGedAJv8XZ1tvj5FvSg=="
    },
    "lodash-es": {
      "version": "4.17.21",
      "resolved": "https://registry.npmmirror.com/lodash-es/-/lodash-es-4.17.21.tgz",
      "integrity": "sha512-mKnC+QJ9pWVzv+C4/U3rRsHapFfHvQFoFB92e52xeyGMcX6/OlIl78je1u8vePzYZSkkogMPJ2yjxxsb89cxyw=="
    },
    "loose-envify": {
      "version": "1.4.0",
      "resolved": "https://registry.npmmirror.com/loose-envify/-/loose-envify-1.4.0.tgz",
      "integrity": "sha512-lyuxPGr/Wfhrlem2CL/UcnUc1zcqKAImBDzukY7Y5F/yQiNdko6+fRLevlw1HgMySw7f611UIY408EtxRSoK3Q==",
      "requires": {
        "js-tokens": "^3.0.0 || ^4.0.0"
      }
    },
    "magic-string": {
      "version": "0.25.9",
      "resolved": "https://registry.npmmirror.com/magic-string/-/magic-string-0.25.9.tgz",
      "integrity": "sha512-RmF0AsMzgt25qzqqLc1+MbHmhdx0ojF2Fvs4XnOqz2ZOBXzzkEwc/dJQZCYHAn7v1jbVOjAZfK8msRn4BxO4VQ==",
      "peer": true,
      "requires": {
        "sourcemap-codec": "^1.4.8"
      }
    },
    "nanoid": {
      "version": "3.3.4",
      "resolved": "https://registry.npmmirror.com/nanoid/-/nanoid-3.3.4.tgz",
      "integrity": "sha512-MqBkQh/OHTS2egovRtLk45wEyNXwF+cokD+1YPf9u5VfJiRdAiRwB2froX5Co9Rh20xs4siNPm8naNotSD6RBw==",
      "peer": true
    },
    "nanopop": {
      "version": "2.1.0",
      "resolved": "https://registry.npmmirror.com/nanopop/-/nanopop-2.1.0.tgz",
      "integrity": "sha512-jGTwpFRexSH+fxappnGQtN9dspgE2ipa1aOjtR24igG0pv6JCxImIAmrLRHX+zUF5+1wtsFVbKyfP51kIGAVNw=="
    },
    "picocolors": {
      "version": "1.0.0",
      "resolved": "https://registry.npmmirror.com/picocolors/-/picocolors-1.0.0.tgz",
      "integrity": "sha512-1fygroTLlHu66zi26VoTDv8yRgm0Fccecssto+MhsZ0D/DGW2sm8E8AjW7NU5VVTRt5GxbeZ5qBuJr+HyLYkjQ==",
      "peer": true
    },
    "postcss": {
      "version": "8.4.16",
      "resolved": "https://registry.npmmirror.com/postcss/-/postcss-8.4.16.tgz",
      "integrity": "sha512-ipHE1XBvKzm5xI7hiHCZJCSugxvsdq2mPnsq5+UF+VHCjiBvtDrlxJfMBToWaP9D5XlgNmcFGqoHmUn0EYEaRQ==",
      "peer": true,
      "requires": {
        "nanoid": "^3.3.4",
        "picocolors": "^1.0.0",
        "source-map-js": "^1.0.2"
      }
    },
    "regenerator-runtime": {
      "version": "0.13.9",
      "resolved": "https://registry.npmmirror.com/regenerator-runtime/-/regenerator-runtime-0.13.9.tgz",
      "integrity": "sha512-p3VT+cOEgxFsRRA9X4lkI1E+k2/CtnKtU4gcxyaCUreilL/vqI6CdZ3wxVUx3UOUg+gnUOQQcRI7BmSI656MYA=="
    },
    "resize-observer-polyfill": {
      "version": "1.5.1",
      "resolved": "https://registry.npmmirror.com/resize-observer-polyfill/-/resize-observer-polyfill-1.5.1.tgz",
      "integrity": "sha512-LwZrotdHOo12nQuZlHEmtuXdqGoOD0OhaxopaNFxWzInpEgaLWoVuAMbTzixuosCx2nEG58ngzW3vxdWoxIgdg=="
    },
    "scroll-into-view-if-needed": {
      "version": "2.2.29",
      "resolved": "https://registry.npmmirror.com/scroll-into-view-if-needed/-/scroll-into-view-if-needed-2.2.29.tgz",
      "integrity": "sha512-hxpAR6AN+Gh53AdAimHM6C8oTN1ppwVZITihix+WqalywBeFcQ6LdQP5ABNl26nX8GTEL7VT+b8lKpdqq65wXg==",
      "requires": {
        "compute-scroll-into-view": "^1.0.17"
      }
    },
    "shallow-equal": {
      "version": "1.2.1",
      "resolved": "https://registry.npmmirror.com/shallow-equal/-/shallow-equal-1.2.1.tgz",
      "integrity": "sha512-S4vJDjHHMBaiZuT9NPb616CSmLf618jawtv3sufLl6ivK8WocjAo58cXwbRV1cgqxH0Qbv+iUt6m05eqEa2IRA=="
    },
    "source-map": {
      "version": "0.6.1",
      "resolved": "https://registry.npmmirror.com/source-map/-/source-map-0.6.1.tgz",
      "integrity": "sha512-UjgapumWlbMhkBgzT7Ykc5YXUT46F0iKu8SGXq0bcwP5dz/h0Plj6enJqjz1Zbq2l5WaqYnrVbwWOWMyF3F47g==",
      "peer": true
    },
    "source-map-js": {
      "version": "1.0.2",
      "resolved": "https://registry.npmmirror.com/source-map-js/-/source-map-js-1.0.2.tgz",
      "integrity": "sha512-R0XvVJ9WusLiqTCEiGCmICCMplcCkIwwR11mOSD9CR5u+IXYdiseeEuXCVAjS54zqwkLcPNnmU4OeJ6tUrWhDw==",
      "peer": true
    },
    "sourcemap-codec": {
      "version": "1.4.8",
      "resolved": "https://registry.npmmirror.com/sourcemap-codec/-/sourcemap-codec-1.4.8.tgz",
      "integrity": "sha512-9NykojV5Uih4lgo5So5dtw+f0JgJX30KCNI8gwhz2J9A15wD0Ml6tjHKwf6fTSa6fAdVBdZeNOs9eJ71qCk8vA==",
      "peer": true
    },
    "vue": {
      "version": "3.2.37",
      "resolved": "https://registry.npmmirror.com/vue/-/vue-3.2.37.tgz",
      "integrity": "sha512-bOKEZxrm8Eh+fveCqS1/NkG/n6aMidsI6hahas7pa0w/l7jkbssJVsRhVDs07IdDq7h9KHswZOgItnwJAgtVtQ==",
      "peer": true,
      "requires": {
        "@vue/compiler-dom": "3.2.37",
        "@vue/compiler-sfc": "3.2.37",
        "@vue/runtime-dom": "3.2.37",
        "@vue/server-renderer": "3.2.37",
        "@vue/shared": "3.2.37"
      }
    },
    "vue-types": {
      "version": "3.0.2",
      "resolved": "https://registry.npmmirror.com/vue-types/-/vue-types-3.0.2.tgz",
      "integrity": "sha512-IwUC0Aq2zwaXqy74h4WCvFCUtoV0iSWr0snWnE9TnU18S66GAQyqQbRf2qfJtUuiFsBf6qp0MEwdonlwznlcrw==",
      "requires": {
        "is-plain-object": "3.0.1"
      }
    },
    "warning": {
      "version": "4.0.3",
      "resolved": "https://registry.npmmirror.com/warning/-/warning-4.0.3.tgz",
      "integrity": "sha512-rpJyN222KWIvHJ/F53XSZv0Zl/accqHR8et1kpaMTD/fLCRxtV8iX8czMzY7sVZupTI3zcUTg8eycS2kNF9l6w==",
      "requires": {
        "loose-envify": "^1.0.0"
      }
    }
  }
}
